<?xml version="1.0" encoding="utf-8"?>
<Project ToolsVersion="4.0" xmlns="http://schemas.microsoft.com/developer/msbuild/2003">
  <ItemGroup>
    <Filter Include="Source Files">
      <UniqueIdentifier>{4FC737F1-C7A5-4376-A066-2A32D752A2FF}</UniqueIdentifier>
      <Extensions>cpp;c;cc;cxx;def;odl;idl;hpj;bat;asm;asmx</Extensions>
    </Filter>
    <Filter Include="Header Files">
      <UniqueIdentifier>{93995380-89BD-4b04-88EB-625FBE52EBFB}</UniqueIdentifier>
      <Extensions>h;hh;hpp;hxx;hm;inl;inc;ipp;xsd</Extensions>
    </Filter>
    <Filter Include="Resource Files">
      <UniqueIdentifier>{67DA6AB6-F800-4c08-8B7A-83BB121AAD01}</UniqueIdentifier>
      <Extensions>rc;ico;cur;bmp;dlg;rc2;rct;bin;rgs;gif;jpg;jpeg;jpe;resx;tiff;tif;png;wav;mfcribbon-ms</Extensions>
    </Filter>
    <Filter Include="Source Files\src">
      <UniqueIdentifier>{04f0b0d5-4566-475e-ac62-8e6ba49465ca}</UniqueIdentifier>
    </Filter>
    <Filter Include="Header Files\src">
      <UniqueIdentifier>{bfa1fcc8-859e-4f17-b04c-838ab37d3c1d}</UniqueIdentifier>
    </Filter>
  </ItemGroup>
  <ItemGroup>
    <ClCompile Include="ray.cpp">
      <Filter>Source Files</Filter>
    </ClCompile>
    <ClCompile Include="src\Image.cpp">
      <Filter>Source Files\src</Filter>
    </ClCompile>
    <ClCompile Include="src\SceneObject.cpp">
      <Filter>Source Files\src</Filter>
    </ClCompile>
    <ClCompile Include="src\RaycastHit.cpp">
      <Filter>Source Files\src</Filter>
    </ClCompile>
  </ItemGroup>
  <ItemGroup>
    <ClInclude Include="src\Image.h">
      <Filter>Header Files\src</Filter>
    </ClInclude>
    <ClInclude Include="src\Color.h">
      <Filter>Header Files\src</Filter>
    </ClInclude>
    <ClInclude Include="src\Array2.h">
      <Filter>Header Files\src</Filter>
    </ClInclude>
    <ClInclude Include="src\Vec3.h">
      <Filter>Header Files\src</Filter>
    </ClInclude>
    <ClInclude Include="src\Sphere.h">
      <Filter>Header Files\src</Filter>
    </ClInclude>
    <ClInclude Include="src\Ray.h">
      <Filter>Header Files\src</Filter>
    </ClInclude>
    <ClInclude Include="src\Camera.h">
      <Filter>Header Files\src</Filter>
    </ClInclude>
    <ClInclude Include="src\Angle.h">
      <Filter>Header Files\src</Filter>
    </ClInclude>
    <ClInclude Include="src\MathConstants.h">
      <Filter>Header Files\src</Filter>
    </ClInclude>
    <ClInclude Include="src\Material.h">
      <Filter>Header Files\src</Filter>
    </ClInclude>
    <ClInclude Include="src\SceneObject.h">
      <Filter>Header Files\src</Filter>
    </ClInclude>
    <ClInclude Include="src\SceneObjectArray.h">
      <Filter>Header Files\src</Filter>
    </ClInclude>
    <ClInclude Include="src\ShapeTraits.h">
      <Filter>Header Files\src</Filter>
    </ClInclude>
    <ClInclude Include="src\Raycast.h">
      <Filter>Header Files\src</Filter>
    </ClInclude>
    <ClInclude Include="src\RaycastHit.h">
      <Filter>Header Files\src</Filter>
    </ClInclude>
    <ClInclude Include="src\Raytracer.h">
      <Filter>Header Files\src</Filter>
    </ClInclude>
    <ClInclude Include="src\IterableNumber.h">
      <Filter>Header Files\src</Filter>
    </ClInclude>
    <ClInclude Include="src\Util.h">
      <Filter>Header Files\src</Filter>
    </ClInclude>
    <ClInclude Include="src\SceneObjectCollection.h">
      <Filter>Header Files\src</Filter>
    </ClInclude>
    <ClInclude Include="src\Texture.h">
      <Filter>Header Files\src</Filter>
    </ClInclude>
    <ClInclude Include="src\Patterns.h">
      <Filter>Header Files\src</Filter>
    </ClInclude>
    <ClInclude Include="src\TextureCoordinateResolver.h">
      <Filter>Header Files\src</Filter>
    </ClInclude>
    <ClInclude Include="src\TexCoords.h">
      <Filter>Header Files\src</Filter>
    </ClInclude>
    <ClInclude Include="src\TextureDatabase.h">
      <Filter>Header Files\src</Filter>
    </ClInclude>
    <ClInclude Include="src\MaterialDatabase.h">
      <Filter>Header Files\src</Filter>
    </ClInclude>
    <ClInclude Include="src\BlobScene.h">
      <Filter>Header Files\src</Filter>
    </ClInclude>
    <ClInclude Include="src\Scene.h">
      <Filter>Header Files\src</Filter>
    </ClInclude>
  </ItemGroup>
</Project>